
Microsoft Visual Studio Solution File, Format Version 11.00
# Visual Studio 2010
# SharpDevelop 5.1
Project("{FAE04EC0-301F-11D3-BF4B-00C04F79EFBC}") = "01.HelloC#", "IntroC#BookExercises\01.HelloC#.csproj", "{6DB85C3B-882E-4F32-8FB0-7345F057D8DF}"
EndProject
Project("{FAE04EC0-301F-11D3-BF4B-00C04F79EFBC}") = "02.DifferentGreeting", "Differentreeting\02.DifferentGreeting.csproj", "{12780EBD-B760-472A-B822-7F5F1863D873}"
EndProject
Project("{FAE04EC0-301F-11D3-BF4B-00C04F79EFBC}") = "03.NameAndSurname", "NameAndSurname\03.NameAndSurname.csproj", "{F7B3D2F7-325A-45D9-A750-50A734C75D62}"
EndProject
Project("{FAE04EC0-301F-11D3-BF4B-00C04F79EFBC}") = "04.Numbers", "Numbers\04.Numbers.csproj", "{0DB9AFB4-3870-420F-9BB5-C6BAFF2CFCA9}"
EndProject
Project("{FAE04EC0-301F-11D3-BF4B-00C04F79EFBC}") = "05.DateAndHour", "DateAndHour\05.DateAndHour.csproj", "{5CA68066-9056-423E-8F4F-FC276762EEFC}"
EndProject
Project("{FAE04EC0-301F-11D3-BF4B-00C04F79EFBC}") = "06.SQRT", "SQRT\06.SQRT.csproj", "{6B2FAEB3-49ED-4878-A1FF-D9BB71C1A54E}"
EndProject
Project("{FAE04EC0-301F-11D3-BF4B-00C04F79EFBC}") = "08.AgeIn10Years", "AgeIn10Years\08.AgeIn10Years.csproj", "{AA424C51-ECE0-4C01-891F-02390A05D445}"
EndProject
Project("{FAE04EC0-301F-11D3-BF4B-00C04F79EFBC}") = "07.First100", "First100\07.First100.csproj", "{ADA7F050-B141-4650-A7ED-B240A555DF90}"
EndProject
Project("{FAE04EC0-301F-11D3-BF4B-00C04F79EFBC}") = "09.VariableTypes", "VariableTypes\09.VariableTypes.csproj", "{8C2AA0D4-740A-4309-94CD-91AAC2F1F7AA}"
EndProject
Project("{FAE04EC0-301F-11D3-BF4B-00C04F79EFBC}") = "10.FloatDoubleDecimal", "FloatDoubleDecimal\10.FloatDoubleDecimal.csproj", "{5720DB14-738E-497B-A329-DB39C2B3D83F}"
EndProject
Project("{FAE04EC0-301F-11D3-BF4B-00C04F79EFBC}") = "11.HexDecimal-256", "HexDecimal-256\11.HexDecimal-256.csproj", "{E968A3A0-5236-4006-999E-593D0A299728}"
EndProject
Project("{FAE04EC0-301F-11D3-BF4B-00C04F79EFBC}") = "12.UnicodeChar", "UnicodeChar\12.UnicodeChar.csproj", "{ECA5A5B0-A863-46FA-AC05-FB6D96DE390A}"
EndProject
Project("{FAE04EC0-301F-11D3-BF4B-00C04F79EFBC}") = "13.IsMale", "isMale\13.IsMale.csproj", "{FCDAF92F-D4C0-4268-87C9-50E5F6C5CDCA}"
EndProject
Project("{FAE04EC0-301F-11D3-BF4B-00C04F79EFBC}") = "14.StringToObject", "StringToObject\14.StringToObject.csproj", "{0D87F23E-DA76-4A4B-B50F-04B0081AFF6B}"
EndProject
Project("{FAE04EC0-301F-11D3-BF4B-00C04F79EFBC}") = "15.StringsAndObjects", "StringsAndObjects\15.StringsAndObjects.csproj", "{EA0E607E-AE6C-4D34-860E-5B9D9124258D}"
EndProject
Project("{FAE04EC0-301F-11D3-BF4B-00C04F79EFBC}") = "16.Quotations", "Quotations\16.Quotations.csproj", "{0D9597FA-C904-4BFC-B76B-872B35BCBC3C}"
EndProject
Project("{FAE04EC0-301F-11D3-BF4B-00C04F79EFBC}") = "17.CompanyEmployeeData", "CompanyEmployeeData\17.CompanyEmployeeData.csproj", "{2431F0CB-F621-49A5-B49E-E8E370557ED4}"
EndProject
Project("{FAE04EC0-301F-11D3-BF4B-00C04F79EFBC}") = "18.VariablesSwap", "VariablesSwap\18.VariablesSwap.csproj", "{FD28AF9E-53D2-44AF-9B1B-EC535585E443}"
EndProject
Project("{FAE04EC0-301F-11D3-BF4B-00C04F79EFBC}") = "19.O-Heart", "O-Heart\19.O-Heart.csproj", "{BA20AFC1-4B54-4BC6-B491-DD2D46255800}"
EndProject
Project("{FAE04EC0-301F-11D3-BF4B-00C04F79EFBC}") = "20.Char-Triangle", "Char-Triangle\20.Char-Triangle.csproj", "{DC36608E-6280-4F66-B92D-58BFFE5A20D5}"
EndProject
Project("{FAE04EC0-301F-11D3-BF4B-00C04F79EFBC}") = "21.EvenOrOdd", "EvenOrOdd\21.EvenOrOdd.csproj", "{EDD6AF55-20C0-414A-9F95-5CDCD2518E7A}"
EndProject
Project("{FAE04EC0-301F-11D3-BF4B-00C04F79EFBC}") = "22.BoolDivision", "BoolDivision\22.BoolDivision.csproj", "{333CF30E-BC1B-48C8-B0D2-484F4D2E02CB}"
EndProject
Project("{FAE04EC0-301F-11D3-BF4B-00C04F79EFBC}") = "23.ThirdNumberIs7", "ThirdNumberIs7\23.ThirdNumberIs7.csproj", "{F8C3D566-299F-4246-9940-D9D0DA421B6B}"
EndProject
Project("{FAE04EC0-301F-11D3-BF4B-00C04F79EFBC}") = "24.ThirdBitIs0", "ThirdBitIs0\24.ThirdBitIs0.csproj", "{51447DD9-3880-4741-A113-7BC05BE9782F}"
EndProject
Project("{FAE04EC0-301F-11D3-BF4B-00C04F79EFBC}") = "25.ThrapecoidSurface", "ThrapecoidSurface\25.ThrapecoidSurface.csproj", "{C20515B6-916C-4514-9320-46D668E2D748}"
EndProject
Project("{FAE04EC0-301F-11D3-BF4B-00C04F79EFBC}") = "26.RectangeProperties", "RectangeProperties\26.RectangeProperties.csproj", "{20D2EB58-E59D-4CB2-BDF1-6992DBC59669}"
EndProject
Project("{FAE04EC0-301F-11D3-BF4B-00C04F79EFBC}") = "27.MoonEarthGravity", "MoonEarthGravity\27.MoonEarthGravity.csproj", "{6DC70E87-1AE9-43D7-94AF-9FA18572A1A1}"
EndProject
Project("{FAE04EC0-301F-11D3-BF4B-00C04F79EFBC}") = "28.InOrOutOfCircle", "InOrOutOfCircle\28.InOrOutOfCircle.csproj", "{0B390309-27F5-4176-BCD6-9B62D6816B76}"
EndProject
Project("{FAE04EC0-301F-11D3-BF4B-00C04F79EFBC}") = "29.InsideaCircleOutsideaRectangle", "InsideaCircleOutsideaRectangle\29.InsideaCircleOutsideaRectangle.csproj", "{8673D119-3EF0-4B87-9F56-9797F0951186}"
EndProject
Project("{FAE04EC0-301F-11D3-BF4B-00C04F79EFBC}") = "30.IsPrimeOrNot", "IsPrimeOrNot\30.IsPrimeOrNot.csproj", "{64E0A5E2-E7AA-4943-94F4-74B23177EB92}"
EndProject
Project("{FAE04EC0-301F-11D3-BF4B-00C04F79EFBC}") = "31.StringArithmetics", "StringArithmetics\31.StringArithmetics.csproj", "{006BBA7C-6948-4169-8C08-923E296823BD}"
EndProject
Project("{FAE04EC0-301F-11D3-BF4B-00C04F79EFBC}") = "32.PrintBitValue", "PrintBitValue\32.PrintBitValue.csproj", "{8E86C9C0-862C-46D7-A409-B740761B0639}"
EndProject
Project("{FAE04EC0-301F-11D3-BF4B-00C04F79EFBC}") = "33.BoolPrintBitValue", "BoolPrintBitValue\33.BoolPrintBitValue.csproj", "{9C17BE84-09E4-46FB-840C-8D4987FEDB5E}"
EndProject
Project("{FAE04EC0-301F-11D3-BF4B-00C04F79EFBC}") = "34.ThreeNumSum", "ThreeNumSum\34.ThreeNumSum.csproj", "{E31DD5D5-6943-4CCE-8E06-74450647FD7A}"
EndProject
Project("{FAE04EC0-301F-11D3-BF4B-00C04F79EFBC}") = "35.CircleAreaLength", "CircleAreaLength\35.CircleAreaLength.csproj", "{5930C1BB-C872-4AB0-9BBF-8574736E9F49}"
EndProject
Project("{FAE04EC0-301F-11D3-BF4B-00C04F79EFBC}") = "36.CompanyInfo", "CompanyInfo\36.CompanyInfo.csproj", "{663EF22F-2A85-4BD0-B683-CB70CB7C790F}"
EndProject
Project("{FAE04EC0-301F-11D3-BF4B-00C04F79EFBC}") = "38.MaxValue", "MaxValue\38.MaxValue.csproj", "{5D1C7FF3-636F-4083-B2A4-955C6B50910F}"
EndProject
Project("{FAE04EC0-301F-11D3-BF4B-00C04F79EFBC}") = "37.ThreeNums", "ThreeNums\37.ThreeNums.csproj", "{CFD78E1A-D6B7-4CE0-836A-ADE60CC0969C}"
EndProject
Project("{FAE04EC0-301F-11D3-BF4B-00C04F79EFBC}") = "39.NumsInBetween", "NumsInBetween\39.NumsInBetween.csproj", "{7B6C5EF3-6AE6-4F23-A168-6299255C36B4}"
EndProject
Project("{FAE04EC0-301F-11D3-BF4B-00C04F79EFBC}") = "40.SumOfFiveNums", "SumOfFiveNums\40.SumOfFiveNums.csproj", "{3E94DDA9-FE63-455A-9611-D217C1B7C6D7}"
EndProject
Project("{FAE04EC0-301F-11D3-BF4B-00C04F79EFBC}") = "41.MaxFive", "MacFive\41.MaxFive.csproj", "{D5C1A9ED-8173-40B7-9DF0-DDE77A809EA0}"
EndProject
Project("{FAE04EC0-301F-11D3-BF4B-00C04F79EFBC}") = "42.QuadraticEquatsion", "QuadraticEquatsion\42.QuadraticEquatsion.csproj", "{7CB735CE-56A7-4F63-A657-8D4F7AD52592}"
EndProject
Project("{FAE04EC0-301F-11D3-BF4B-00C04F79EFBC}") = "43.SumOfNums", "SumOfNums\43.SumOfNums.csproj", "{7FC75EAB-27D0-406A-A88A-33107152938B}"
EndProject
Project("{FAE04EC0-301F-11D3-BF4B-00C04F79EFBC}") = "44.Nums1ToN", "nums1ToN\44.Nums1ToN.csproj", "{20CD594F-1C13-4222-BD9E-DEF721345246}"
EndProject
Project("{FAE04EC0-301F-11D3-BF4B-00C04F79EFBC}") = "45.FibonacciFirst100", "FibonacciFirst100\45.FibonacciFirst100.csproj", "{7002B178-855A-42F3-9598-2DB00EC27BFA}"
EndProject
Global
	GlobalSection(SolutionConfigurationPlatforms) = preSolution
		Debug|Any CPU = Debug|Any CPU
		Release|Any CPU = Release|Any CPU
	EndGlobalSection
	GlobalSection(ProjectConfigurationPlatforms) = postSolution
		{6DB85C3B-882E-4F32-8FB0-7345F057D8DF}.Debug|Any CPU.ActiveCfg = Debug|Any CPU
		{6DB85C3B-882E-4F32-8FB0-7345F057D8DF}.Debug|Any CPU.Build.0 = Debug|Any CPU
		{6DB85C3B-882E-4F32-8FB0-7345F057D8DF}.Release|Any CPU.ActiveCfg = Release|Any CPU
		{6DB85C3B-882E-4F32-8FB0-7345F057D8DF}.Release|Any CPU.Build.0 = Release|Any CPU
		{12780EBD-B760-472A-B822-7F5F1863D873}.Debug|Any CPU.ActiveCfg = Debug|Any CPU
		{12780EBD-B760-472A-B822-7F5F1863D873}.Debug|Any CPU.Build.0 = Debug|Any CPU
		{12780EBD-B760-472A-B822-7F5F1863D873}.Release|Any CPU.ActiveCfg = Release|Any CPU
		{12780EBD-B760-472A-B822-7F5F1863D873}.Release|Any CPU.Build.0 = Release|Any CPU
		{F7B3D2F7-325A-45D9-A750-50A734C75D62}.Debug|Any CPU.ActiveCfg = Debug|Any CPU
		{F7B3D2F7-325A-45D9-A750-50A734C75D62}.Debug|Any CPU.Build.0 = Debug|Any CPU
		{F7B3D2F7-325A-45D9-A750-50A734C75D62}.Release|Any CPU.ActiveCfg = Release|Any CPU
		{F7B3D2F7-325A-45D9-A750-50A734C75D62}.Release|Any CPU.Build.0 = Release|Any CPU
		{0DB9AFB4-3870-420F-9BB5-C6BAFF2CFCA9}.Debug|Any CPU.ActiveCfg = Debug|Any CPU
		{0DB9AFB4-3870-420F-9BB5-C6BAFF2CFCA9}.Debug|Any CPU.Build.0 = Debug|Any CPU
		{0DB9AFB4-3870-420F-9BB5-C6BAFF2CFCA9}.Release|Any CPU.ActiveCfg = Release|Any CPU
		{0DB9AFB4-3870-420F-9BB5-C6BAFF2CFCA9}.Release|Any CPU.Build.0 = Release|Any CPU
		{5CA68066-9056-423E-8F4F-FC276762EEFC}.Debug|Any CPU.ActiveCfg = Debug|Any CPU
		{5CA68066-9056-423E-8F4F-FC276762EEFC}.Debug|Any CPU.Build.0 = Debug|Any CPU
		{5CA68066-9056-423E-8F4F-FC276762EEFC}.Release|Any CPU.ActiveCfg = Release|Any CPU
		{5CA68066-9056-423E-8F4F-FC276762EEFC}.Release|Any CPU.Build.0 = Release|Any CPU
		{6B2FAEB3-49ED-4878-A1FF-D9BB71C1A54E}.Debug|Any CPU.ActiveCfg = Debug|Any CPU
		{6B2FAEB3-49ED-4878-A1FF-D9BB71C1A54E}.Debug|Any CPU.Build.0 = Debug|Any CPU
		{6B2FAEB3-49ED-4878-A1FF-D9BB71C1A54E}.Release|Any CPU.ActiveCfg = Release|Any CPU
		{6B2FAEB3-49ED-4878-A1FF-D9BB71C1A54E}.Release|Any CPU.Build.0 = Release|Any CPU
		{AA424C51-ECE0-4C01-891F-02390A05D445}.Debug|Any CPU.ActiveCfg = Debug|Any CPU
		{AA424C51-ECE0-4C01-891F-02390A05D445}.Debug|Any CPU.Build.0 = Debug|Any CPU
		{AA424C51-ECE0-4C01-891F-02390A05D445}.Release|Any CPU.ActiveCfg = Release|Any CPU
		{AA424C51-ECE0-4C01-891F-02390A05D445}.Release|Any CPU.Build.0 = Release|Any CPU
		{ADA7F050-B141-4650-A7ED-B240A555DF90}.Debug|Any CPU.ActiveCfg = Debug|Any CPU
		{ADA7F050-B141-4650-A7ED-B240A555DF90}.Debug|Any CPU.Build.0 = Debug|Any CPU
		{ADA7F050-B141-4650-A7ED-B240A555DF90}.Release|Any CPU.ActiveCfg = Release|Any CPU
		{ADA7F050-B141-4650-A7ED-B240A555DF90}.Release|Any CPU.Build.0 = Release|Any CPU
		{8C2AA0D4-740A-4309-94CD-91AAC2F1F7AA}.Debug|Any CPU.ActiveCfg = Debug|Any CPU
		{8C2AA0D4-740A-4309-94CD-91AAC2F1F7AA}.Debug|Any CPU.Build.0 = Debug|Any CPU
		{8C2AA0D4-740A-4309-94CD-91AAC2F1F7AA}.Release|Any CPU.ActiveCfg = Release|Any CPU
		{8C2AA0D4-740A-4309-94CD-91AAC2F1F7AA}.Release|Any CPU.Build.0 = Release|Any CPU
		{5720DB14-738E-497B-A329-DB39C2B3D83F}.Debug|Any CPU.ActiveCfg = Debug|Any CPU
		{5720DB14-738E-497B-A329-DB39C2B3D83F}.Debug|Any CPU.Build.0 = Debug|Any CPU
		{5720DB14-738E-497B-A329-DB39C2B3D83F}.Release|Any CPU.ActiveCfg = Release|Any CPU
		{5720DB14-738E-497B-A329-DB39C2B3D83F}.Release|Any CPU.Build.0 = Release|Any CPU
		{E968A3A0-5236-4006-999E-593D0A299728}.Debug|Any CPU.ActiveCfg = Debug|Any CPU
		{E968A3A0-5236-4006-999E-593D0A299728}.Debug|Any CPU.Build.0 = Debug|Any CPU
		{E968A3A0-5236-4006-999E-593D0A299728}.Release|Any CPU.ActiveCfg = Release|Any CPU
		{E968A3A0-5236-4006-999E-593D0A299728}.Release|Any CPU.Build.0 = Release|Any CPU
		{ECA5A5B0-A863-46FA-AC05-FB6D96DE390A}.Debug|Any CPU.ActiveCfg = Debug|Any CPU
		{ECA5A5B0-A863-46FA-AC05-FB6D96DE390A}.Debug|Any CPU.Build.0 = Debug|Any CPU
		{ECA5A5B0-A863-46FA-AC05-FB6D96DE390A}.Release|Any CPU.ActiveCfg = Release|Any CPU
		{ECA5A5B0-A863-46FA-AC05-FB6D96DE390A}.Release|Any CPU.Build.0 = Release|Any CPU
		{FCDAF92F-D4C0-4268-87C9-50E5F6C5CDCA}.Debug|Any CPU.ActiveCfg = Debug|Any CPU
		{FCDAF92F-D4C0-4268-87C9-50E5F6C5CDCA}.Debug|Any CPU.Build.0 = Debug|Any CPU
		{FCDAF92F-D4C0-4268-87C9-50E5F6C5CDCA}.Release|Any CPU.ActiveCfg = Release|Any CPU
		{FCDAF92F-D4C0-4268-87C9-50E5F6C5CDCA}.Release|Any CPU.Build.0 = Release|Any CPU
		{0D87F23E-DA76-4A4B-B50F-04B0081AFF6B}.Debug|Any CPU.ActiveCfg = Debug|Any CPU
		{0D87F23E-DA76-4A4B-B50F-04B0081AFF6B}.Debug|Any CPU.Build.0 = Debug|Any CPU
		{0D87F23E-DA76-4A4B-B50F-04B0081AFF6B}.Release|Any CPU.ActiveCfg = Release|Any CPU
		{0D87F23E-DA76-4A4B-B50F-04B0081AFF6B}.Release|Any CPU.Build.0 = Release|Any CPU
		{EA0E607E-AE6C-4D34-860E-5B9D9124258D}.Debug|Any CPU.ActiveCfg = Debug|Any CPU
		{EA0E607E-AE6C-4D34-860E-5B9D9124258D}.Debug|Any CPU.Build.0 = Debug|Any CPU
		{EA0E607E-AE6C-4D34-860E-5B9D9124258D}.Release|Any CPU.ActiveCfg = Release|Any CPU
		{EA0E607E-AE6C-4D34-860E-5B9D9124258D}.Release|Any CPU.Build.0 = Release|Any CPU
		{0D9597FA-C904-4BFC-B76B-872B35BCBC3C}.Debug|Any CPU.ActiveCfg = Debug|Any CPU
		{0D9597FA-C904-4BFC-B76B-872B35BCBC3C}.Debug|Any CPU.Build.0 = Debug|Any CPU
		{0D9597FA-C904-4BFC-B76B-872B35BCBC3C}.Release|Any CPU.ActiveCfg = Release|Any CPU
		{0D9597FA-C904-4BFC-B76B-872B35BCBC3C}.Release|Any CPU.Build.0 = Release|Any CPU
		{2431F0CB-F621-49A5-B49E-E8E370557ED4}.Debug|Any CPU.ActiveCfg = Debug|Any CPU
		{2431F0CB-F621-49A5-B49E-E8E370557ED4}.Debug|Any CPU.Build.0 = Debug|Any CPU
		{2431F0CB-F621-49A5-B49E-E8E370557ED4}.Release|Any CPU.ActiveCfg = Release|Any CPU
		{2431F0CB-F621-49A5-B49E-E8E370557ED4}.Release|Any CPU.Build.0 = Release|Any CPU
		{FD28AF9E-53D2-44AF-9B1B-EC535585E443}.Debug|Any CPU.ActiveCfg = Debug|Any CPU
		{FD28AF9E-53D2-44AF-9B1B-EC535585E443}.Debug|Any CPU.Build.0 = Debug|Any CPU
		{FD28AF9E-53D2-44AF-9B1B-EC535585E443}.Release|Any CPU.ActiveCfg = Release|Any CPU
		{FD28AF9E-53D2-44AF-9B1B-EC535585E443}.Release|Any CPU.Build.0 = Release|Any CPU
		{BA20AFC1-4B54-4BC6-B491-DD2D46255800}.Debug|Any CPU.ActiveCfg = Debug|Any CPU
		{BA20AFC1-4B54-4BC6-B491-DD2D46255800}.Debug|Any CPU.Build.0 = Debug|Any CPU
		{BA20AFC1-4B54-4BC6-B491-DD2D46255800}.Release|Any CPU.ActiveCfg = Release|Any CPU
		{BA20AFC1-4B54-4BC6-B491-DD2D46255800}.Release|Any CPU.Build.0 = Release|Any CPU
		{DC36608E-6280-4F66-B92D-58BFFE5A20D5}.Debug|Any CPU.ActiveCfg = Debug|Any CPU
		{DC36608E-6280-4F66-B92D-58BFFE5A20D5}.Debug|Any CPU.Build.0 = Debug|Any CPU
		{DC36608E-6280-4F66-B92D-58BFFE5A20D5}.Release|Any CPU.ActiveCfg = Release|Any CPU
		{DC36608E-6280-4F66-B92D-58BFFE5A20D5}.Release|Any CPU.Build.0 = Release|Any CPU
		{EDD6AF55-20C0-414A-9F95-5CDCD2518E7A}.Debug|Any CPU.ActiveCfg = Debug|Any CPU
		{EDD6AF55-20C0-414A-9F95-5CDCD2518E7A}.Debug|Any CPU.Build.0 = Debug|Any CPU
		{EDD6AF55-20C0-414A-9F95-5CDCD2518E7A}.Release|Any CPU.ActiveCfg = Release|Any CPU
		{EDD6AF55-20C0-414A-9F95-5CDCD2518E7A}.Release|Any CPU.Build.0 = Release|Any CPU
		{333CF30E-BC1B-48C8-B0D2-484F4D2E02CB}.Debug|Any CPU.ActiveCfg = Debug|Any CPU
		{333CF30E-BC1B-48C8-B0D2-484F4D2E02CB}.Debug|Any CPU.Build.0 = Debug|Any CPU
		{333CF30E-BC1B-48C8-B0D2-484F4D2E02CB}.Release|Any CPU.ActiveCfg = Release|Any CPU
		{333CF30E-BC1B-48C8-B0D2-484F4D2E02CB}.Release|Any CPU.Build.0 = Release|Any CPU
		{F8C3D566-299F-4246-9940-D9D0DA421B6B}.Debug|Any CPU.ActiveCfg = Debug|Any CPU
		{F8C3D566-299F-4246-9940-D9D0DA421B6B}.Debug|Any CPU.Build.0 = Debug|Any CPU
		{F8C3D566-299F-4246-9940-D9D0DA421B6B}.Release|Any CPU.ActiveCfg = Release|Any CPU
		{F8C3D566-299F-4246-9940-D9D0DA421B6B}.Release|Any CPU.Build.0 = Release|Any CPU
		{51447DD9-3880-4741-A113-7BC05BE9782F}.Debug|Any CPU.ActiveCfg = Debug|Any CPU
		{51447DD9-3880-4741-A113-7BC05BE9782F}.Debug|Any CPU.Build.0 = Debug|Any CPU
		{51447DD9-3880-4741-A113-7BC05BE9782F}.Release|Any CPU.ActiveCfg = Release|Any CPU
		{51447DD9-3880-4741-A113-7BC05BE9782F}.Release|Any CPU.Build.0 = Release|Any CPU
		{C20515B6-916C-4514-9320-46D668E2D748}.Debug|Any CPU.ActiveCfg = Debug|Any CPU
		{C20515B6-916C-4514-9320-46D668E2D748}.Debug|Any CPU.Build.0 = Debug|Any CPU
		{C20515B6-916C-4514-9320-46D668E2D748}.Release|Any CPU.ActiveCfg = Release|Any CPU
		{C20515B6-916C-4514-9320-46D668E2D748}.Release|Any CPU.Build.0 = Release|Any CPU
		{20D2EB58-E59D-4CB2-BDF1-6992DBC59669}.Debug|Any CPU.ActiveCfg = Debug|Any CPU
		{20D2EB58-E59D-4CB2-BDF1-6992DBC59669}.Debug|Any CPU.Build.0 = Debug|Any CPU
		{20D2EB58-E59D-4CB2-BDF1-6992DBC59669}.Release|Any CPU.ActiveCfg = Release|Any CPU
		{20D2EB58-E59D-4CB2-BDF1-6992DBC59669}.Release|Any CPU.Build.0 = Release|Any CPU
		{6DC70E87-1AE9-43D7-94AF-9FA18572A1A1}.Debug|Any CPU.ActiveCfg = Debug|Any CPU
		{6DC70E87-1AE9-43D7-94AF-9FA18572A1A1}.Debug|Any CPU.Build.0 = Debug|Any CPU
		{6DC70E87-1AE9-43D7-94AF-9FA18572A1A1}.Release|Any CPU.ActiveCfg = Release|Any CPU
		{6DC70E87-1AE9-43D7-94AF-9FA18572A1A1}.Release|Any CPU.Build.0 = Release|Any CPU
		{0B390309-27F5-4176-BCD6-9B62D6816B76}.Debug|Any CPU.ActiveCfg = Debug|Any CPU
		{0B390309-27F5-4176-BCD6-9B62D6816B76}.Debug|Any CPU.Build.0 = Debug|Any CPU
		{0B390309-27F5-4176-BCD6-9B62D6816B76}.Release|Any CPU.ActiveCfg = Release|Any CPU
		{0B390309-27F5-4176-BCD6-9B62D6816B76}.Release|Any CPU.Build.0 = Release|Any CPU
		{8673D119-3EF0-4B87-9F56-9797F0951186}.Debug|Any CPU.ActiveCfg = Debug|Any CPU
		{8673D119-3EF0-4B87-9F56-9797F0951186}.Debug|Any CPU.Build.0 = Debug|Any CPU
		{8673D119-3EF0-4B87-9F56-9797F0951186}.Release|Any CPU.ActiveCfg = Release|Any CPU
		{8673D119-3EF0-4B87-9F56-9797F0951186}.Release|Any CPU.Build.0 = Release|Any CPU
		{64E0A5E2-E7AA-4943-94F4-74B23177EB92}.Debug|Any CPU.ActiveCfg = Debug|Any CPU
		{64E0A5E2-E7AA-4943-94F4-74B23177EB92}.Debug|Any CPU.Build.0 = Debug|Any CPU
		{64E0A5E2-E7AA-4943-94F4-74B23177EB92}.Release|Any CPU.ActiveCfg = Release|Any CPU
		{64E0A5E2-E7AA-4943-94F4-74B23177EB92}.Release|Any CPU.Build.0 = Release|Any CPU
		{006BBA7C-6948-4169-8C08-923E296823BD}.Debug|Any CPU.ActiveCfg = Debug|Any CPU
		{006BBA7C-6948-4169-8C08-923E296823BD}.Debug|Any CPU.Build.0 = Debug|Any CPU
		{006BBA7C-6948-4169-8C08-923E296823BD}.Release|Any CPU.ActiveCfg = Release|Any CPU
		{006BBA7C-6948-4169-8C08-923E296823BD}.Release|Any CPU.Build.0 = Release|Any CPU
		{8E86C9C0-862C-46D7-A409-B740761B0639}.Debug|Any CPU.ActiveCfg = Debug|Any CPU
		{8E86C9C0-862C-46D7-A409-B740761B0639}.Debug|Any CPU.Build.0 = Debug|Any CPU
		{8E86C9C0-862C-46D7-A409-B740761B0639}.Release|Any CPU.ActiveCfg = Release|Any CPU
		{8E86C9C0-862C-46D7-A409-B740761B0639}.Release|Any CPU.Build.0 = Release|Any CPU
		{9C17BE84-09E4-46FB-840C-8D4987FEDB5E}.Debug|Any CPU.ActiveCfg = Debug|Any CPU
		{9C17BE84-09E4-46FB-840C-8D4987FEDB5E}.Debug|Any CPU.Build.0 = Debug|Any CPU
		{9C17BE84-09E4-46FB-840C-8D4987FEDB5E}.Release|Any CPU.ActiveCfg = Release|Any CPU
		{9C17BE84-09E4-46FB-840C-8D4987FEDB5E}.Release|Any CPU.Build.0 = Release|Any CPU
		{E31DD5D5-6943-4CCE-8E06-74450647FD7A}.Debug|Any CPU.ActiveCfg = Debug|Any CPU
		{E31DD5D5-6943-4CCE-8E06-74450647FD7A}.Debug|Any CPU.Build.0 = Debug|Any CPU
		{E31DD5D5-6943-4CCE-8E06-74450647FD7A}.Release|Any CPU.ActiveCfg = Release|Any CPU
		{E31DD5D5-6943-4CCE-8E06-74450647FD7A}.Release|Any CPU.Build.0 = Release|Any CPU
		{5930C1BB-C872-4AB0-9BBF-8574736E9F49}.Debug|Any CPU.ActiveCfg = Debug|Any CPU
		{5930C1BB-C872-4AB0-9BBF-8574736E9F49}.Debug|Any CPU.Build.0 = Debug|Any CPU
		{5930C1BB-C872-4AB0-9BBF-8574736E9F49}.Release|Any CPU.ActiveCfg = Release|Any CPU
		{5930C1BB-C872-4AB0-9BBF-8574736E9F49}.Release|Any CPU.Build.0 = Release|Any CPU
		{663EF22F-2A85-4BD0-B683-CB70CB7C790F}.Debug|Any CPU.ActiveCfg = Debug|Any CPU
		{663EF22F-2A85-4BD0-B683-CB70CB7C790F}.Debug|Any CPU.Build.0 = Debug|Any CPU
		{663EF22F-2A85-4BD0-B683-CB70CB7C790F}.Release|Any CPU.ActiveCfg = Release|Any CPU
		{663EF22F-2A85-4BD0-B683-CB70CB7C790F}.Release|Any CPU.Build.0 = Release|Any CPU
		{5D1C7FF3-636F-4083-B2A4-955C6B50910F}.Debug|Any CPU.ActiveCfg = Debug|Any CPU
		{5D1C7FF3-636F-4083-B2A4-955C6B50910F}.Debug|Any CPU.Build.0 = Debug|Any CPU
		{5D1C7FF3-636F-4083-B2A4-955C6B50910F}.Release|Any CPU.ActiveCfg = Release|Any CPU
		{5D1C7FF3-636F-4083-B2A4-955C6B50910F}.Release|Any CPU.Build.0 = Release|Any CPU
		{CFD78E1A-D6B7-4CE0-836A-ADE60CC0969C}.Debug|Any CPU.ActiveCfg = Debug|Any CPU
		{CFD78E1A-D6B7-4CE0-836A-ADE60CC0969C}.Debug|Any CPU.Build.0 = Debug|Any CPU
		{CFD78E1A-D6B7-4CE0-836A-ADE60CC0969C}.Release|Any CPU.ActiveCfg = Release|Any CPU
		{CFD78E1A-D6B7-4CE0-836A-ADE60CC0969C}.Release|Any CPU.Build.0 = Release|Any CPU
		{7B6C5EF3-6AE6-4F23-A168-6299255C36B4}.Debug|Any CPU.ActiveCfg = Debug|Any CPU
		{7B6C5EF3-6AE6-4F23-A168-6299255C36B4}.Debug|Any CPU.Build.0 = Debug|Any CPU
		{7B6C5EF3-6AE6-4F23-A168-6299255C36B4}.Release|Any CPU.ActiveCfg = Release|Any CPU
		{7B6C5EF3-6AE6-4F23-A168-6299255C36B4}.Release|Any CPU.Build.0 = Release|Any CPU
		{3E94DDA9-FE63-455A-9611-D217C1B7C6D7}.Debug|Any CPU.ActiveCfg = Debug|Any CPU
		{3E94DDA9-FE63-455A-9611-D217C1B7C6D7}.Debug|Any CPU.Build.0 = Debug|Any CPU
		{3E94DDA9-FE63-455A-9611-D217C1B7C6D7}.Release|Any CPU.ActiveCfg = Release|Any CPU
		{3E94DDA9-FE63-455A-9611-D217C1B7C6D7}.Release|Any CPU.Build.0 = Release|Any CPU
		{D5C1A9ED-8173-40B7-9DF0-DDE77A809EA0}.Debug|Any CPU.ActiveCfg = Debug|Any CPU
		{D5C1A9ED-8173-40B7-9DF0-DDE77A809EA0}.Debug|Any CPU.Build.0 = Debug|Any CPU
		{D5C1A9ED-8173-40B7-9DF0-DDE77A809EA0}.Release|Any CPU.ActiveCfg = Release|Any CPU
		{D5C1A9ED-8173-40B7-9DF0-DDE77A809EA0}.Release|Any CPU.Build.0 = Release|Any CPU
		{7CB735CE-56A7-4F63-A657-8D4F7AD52592}.Debug|Any CPU.ActiveCfg = Debug|Any CPU
		{7CB735CE-56A7-4F63-A657-8D4F7AD52592}.Debug|Any CPU.Build.0 = Debug|Any CPU
		{7CB735CE-56A7-4F63-A657-8D4F7AD52592}.Release|Any CPU.ActiveCfg = Release|Any CPU
		{7CB735CE-56A7-4F63-A657-8D4F7AD52592}.Release|Any CPU.Build.0 = Release|Any CPU
		{7FC75EAB-27D0-406A-A88A-33107152938B}.Debug|Any CPU.ActiveCfg = Debug|Any CPU
		{7FC75EAB-27D0-406A-A88A-33107152938B}.Debug|Any CPU.Build.0 = Debug|Any CPU
		{7FC75EAB-27D0-406A-A88A-33107152938B}.Release|Any CPU.ActiveCfg = Release|Any CPU
		{7FC75EAB-27D0-406A-A88A-33107152938B}.Release|Any CPU.Build.0 = Release|Any CPU
		{20CD594F-1C13-4222-BD9E-DEF721345246}.Debug|Any CPU.ActiveCfg = Debug|Any CPU
		{20CD594F-1C13-4222-BD9E-DEF721345246}.Debug|Any CPU.Build.0 = Debug|Any CPU
		{20CD594F-1C13-4222-BD9E-DEF721345246}.Release|Any CPU.ActiveCfg = Release|Any CPU
		{20CD594F-1C13-4222-BD9E-DEF721345246}.Release|Any CPU.Build.0 = Release|Any CPU
		{7002B178-855A-42F3-9598-2DB00EC27BFA}.Debug|Any CPU.ActiveCfg = Debug|Any CPU
		{7002B178-855A-42F3-9598-2DB00EC27BFA}.Debug|Any CPU.Build.0 = Debug|Any CPU
		{7002B178-855A-42F3-9598-2DB00EC27BFA}.Release|Any CPU.ActiveCfg = Release|Any CPU
		{7002B178-855A-42F3-9598-2DB00EC27BFA}.Release|Any CPU.Build.0 = Release|Any CPU
	EndGlobalSection
EndGlobal
