
Microsoft Visual Studio Solution File, Format Version 11.00
# Visual Studio 2010
# SharpDevelop 5.1
Project("{FAE04EC0-301F-11D3-BF4B-00C04F79EFBC}") = "05.Sequence2k+1", "05.Sequence2k+1.csproj", "{0948D0C6-7EEA-4146-93B3-8DC0A45A3D02}"
EndProject
Global
	GlobalSection(SolutionConfigurationPlatforms) = preSolution
		Debug|Any CPU = Debug|Any CPU
		Release|Any CPU = Release|Any CPU
	EndGlobalSection
	GlobalSection(ProjectConfigurationPlatforms) = postSolution
		{0948D0C6-7EEA-4146-93B3-8DC0A45A3D02}.Debug|Any CPU.ActiveCfg = Debug|Any CPU
		{0948D0C6-7EEA-4146-93B3-8DC0A45A3D02}.Debug|Any CPU.Build.0 = Debug|Any CPU
		{0948D0C6-7EEA-4146-93B3-8DC0A45A3D02}.Release|Any CPU.ActiveCfg = Release|Any CPU
		{0948D0C6-7EEA-4146-93B3-8DC0A45A3D02}.Release|Any CPU.Build.0 = Release|Any CPU
	EndGlobalSection
EndGlobal
