
Microsoft Visual Studio Solution File, Format Version 11.00
# Visual Studio 2010
# SharpDevelop 5.1
Project("{FAE04EC0-301F-11D3-BF4B-00C04F79EFBC}") = "01.FishMarket", "PastExams\01.FishMarket.csproj", "{B45E6B5A-8211-471A-9EC5-B117C4C96A8A}"
EndProject
Project("{FAE04EC0-301F-11D3-BF4B-00C04F79EFBC}") = "02.House Price", "House Price\02.House Price.csproj", "{CCCAB914-D13C-47FF-A626-FD0C731C9888}"
EndProject
Project("{FAE04EC0-301F-11D3-BF4B-00C04F79EFBC}") = "03.RepairingTheTiles", "RemontNaPlochki\03.RepairingTheTiles.csproj", "{F731F253-5898-4A52-A6B7-C496F95FA3AC}"
EndProject
Project("{FAE04EC0-301F-11D3-BF4B-00C04F79EFBC}") = "04.FlowerShop", "FlowerShop\04.FlowerShop.csproj", "{25BED3D2-E186-4A6D-87B7-02E4FE5320F5}"
EndProject
Project("{FAE04EC0-301F-11D3-BF4B-00C04F79EFBC}") = "05.Pets", "Pets\05.Pets.csproj", "{BBF0AEFA-CAF8-46A6-A13D-C3E53D65AF15}"
EndProject
Project("{FAE04EC0-301F-11D3-BF4B-00C04F79EFBC}") = "06.SleepyCat", "SleepyCat\06.SleepyCat.csproj", "{F465D4FD-BA8B-42D8-AB6E-EB34F86DD9F7}"
EndProject
Project("{FAE04EC0-301F-11D3-BF4B-00C04F79EFBC}") = "07.BikeRace", "BikeRace\07.BikeRace.csproj", "{D66DC2D1-D0F4-42A9-8A96-A07BE3E8DA5C}"
EndProject
Project("{FAE04EC0-301F-11D3-BF4B-00C04F79EFBC}") = "08. Vacantion", "Vacantion\08. Vacantion.csproj", "{CDA71A95-AC42-4852-B3DC-76CD55045B9B}"
EndProject
Project("{FAE04EC0-301F-11D3-BF4B-00C04F79EFBC}") = "18March_01DogHouse", "March_01DogHouse\18March_01DogHouse.csproj", "{7D9D0995-38A4-45CE-AF1C-6F23DCEBB2F2}"
EndProject
Project("{FAE04EC0-301F-11D3-BF4B-00C04F79EFBC}") = "18March_02WorkHours", "March_02WorkHours\18March_02WorkHours.csproj", "{BB237E25-04B5-4E8F-8513-4985AD409F30}"
EndProject
Project("{FAE04EC0-301F-11D3-BF4B-00C04F79EFBC}") = "18March_03CarToGo", "March_03CarToGo\18March_03CarToGo.csproj", "{032F8126-75C1-4767-B748-859768B49D90}"
EndProject
Project("{FAE04EC0-301F-11D3-BF4B-00C04F79EFBC}") = "18March_04GameOfIntervals", "GameOfIntervals\18March_04GameOfIntervals.csproj", "{6E91A06E-5651-49B6-BA5A-3DC932854D15}"
EndProject
Project("{FAE04EC0-301F-11D3-BF4B-00C04F79EFBC}") = "18March_05SoftUniLogo", "March_05SoftUniLogo\18March_05SoftUniLogo.csproj", "{22A094AB-29CB-4A84-B1A3-6B092DD6AD14}"
EndProject
Project("{FAE04EC0-301F-11D3-BF4B-00C04F79EFBC}") = "18March_06SumOfTwoNumbers", "March_06SumOfTwoNumbers\18March_06SumOfTwoNumbers.csproj", "{258F4F2A-2F1D-4121-9F62-DAF6916429BA}"
EndProject
Project("{FAE04EC0-301F-11D3-BF4B-00C04F79EFBC}") = "19March_Morning_01HousePainting", "March_01HousePainting\19March_Morning_01HousePainting.csproj", "{F8570D28-531C-45F9-8BF1-B621F400FB8D}"
EndProject
Project("{FAE04EC0-301F-11D3-BF4B-00C04F79EFBC}") = "19March_Morning_02Cups", "March_Morning_02Cups\19March_Morning_02Cups.csproj", "{85B84029-7E8E-4C4F-A897-58484939D3E3}"
EndProject
Project("{FAE04EC0-301F-11D3-BF4B-00C04F79EFBC}") = "19March_Morning_03Vacantion", "March_Morning_03Vacantion\19March_Morning_03Vacantion.csproj", "{12D4CE4D-6939-471F-912E-90E623D93F5B}"
EndProject
Project("{FAE04EC0-301F-11D3-BF4B-00C04F79EFBC}") = "19March_Morning_04TrainerSalary", "March_Morning_04TrainerSalary\19March_Morning_04TrainerSalary.csproj", "{16EE1EB3-F0F9-42EE-AABD-07EACE87A87D}"
EndProject
Project("{FAE04EC0-301F-11D3-BF4B-00C04F79EFBC}") = "19March_Morning_05HourGlass", "March_Monring_05HourGlass\19March_Morning_05HourGlass.csproj", "{D8E3B7F6-C830-460D-B781-90E3705DF2FB}"
EndProject
Project("{FAE04EC0-301F-11D3-BF4B-00C04F79EFBC}") = "19March_Evening_01GrapeAndRakia", "March_Evening_01GrapeAndRakia\19March_Evening_01GrapeAndRakia.csproj", "{99C32A19-16AE-4AD2-8182-A75534ED61E4}"
EndProject
Project("{FAE04EC0-301F-11D3-BF4B-00C04F79EFBC}") = "19March_Evening_02Styrofoam", "March_Evening_02Styrofoam\19March_Evening_02Styrofoam.csproj", "{160C2439-2165-4255-A281-E0EA2D1313C1}"
EndProject
Project("{FAE04EC0-301F-11D3-BF4B-00C04F79EFBC}") = "19March_Evening_03TruckDriver", "March_Evening_03TruckDriver\19March_Evening_03TruckDriver.csproj", "{6D311992-8E2F-450B-9DB3-DBDA57B3D178}"
EndProject
Project("{FAE04EC0-301F-11D3-BF4B-00C04F79EFBC}") = "19March_Evening_04Bills", "March_Evening_04Bills\19March_Evening_04Bills.csproj", "{3F756B45-3E11-40E5-B63B-CEA36DABBB50}"
EndProject
Project("{FAE04EC0-301F-11D3-BF4B-00C04F79EFBC}") = "19March_Evening_05Parallelepiped", "March_Evening_05Parallelepiped\19March_Evening_05Parallelepiped.csproj", "{9BE3460D-D2EF-4410-A4B8-E4F8BEAC858C}"
EndProject
Project("{FAE04EC0-301F-11D3-BF4B-00C04F79EFBC}") = "19March_Evening_06ControlNumber", "March_Evening_06ControlNumber\19March_Evening_06ControlNumber.csproj", "{7AB52288-ED19-44C4-9F25-1B1A67EAA3A7}"
EndProject
Project("{FAE04EC0-301F-11D3-BF4B-00C04F79EFBC}") = "21February_01HungryGarfield", "February_)1HungryGarfield\21February_01HungryGarfield.csproj", "{62E213DD-B2D7-4188-845A-50DD3E210AA4}"
EndProject
Project("{FAE04EC0-301F-11D3-BF4B-00C04F79EFBC}") = "21February_02EncodedAnswers", "February_02EncodedAnswers\21February_02EncodedAnswers.csproj", "{BB585360-5866-418B-A6A4-6B9F970BECA3}"
EndProject
Project("{FAE04EC0-301F-11D3-BF4B-00C04F79EFBC}") = "Blank", "Blank\Blank.csproj", "{8B185866-43AF-4FE6-A345-F9FD835DAA95}"
EndProject
Project("{FAE04EC0-301F-11D3-BF4B-00C04F79EFBC}") = "21February_03FallenInLove", "February_03FallenInLove\21February_03FallenInLove.csproj", "{8E0C9C80-3CB2-4CAD-A84E-2AFB6FCEC2F1}"
EndProject
Project("{FAE04EC0-301F-11D3-BF4B-00C04F79EFBC}") = "21February_04PassionDays", "February_04PassionDays\21February_04PassionDays.csproj", "{3CEBF8E2-F9A5-4631-84A4-7EFDE743A8CF}"
EndProject
Project("{FAE04EC0-301F-11D3-BF4B-00C04F79EFBC}") = "17January_01CakeTycoon", "January_01CakeTycoon\17January_01CakeTycoon.csproj", "{E79036E0-CDB0-4F6B-BC71-8408662BACBC}"
EndProject
Project("{FAE04EC0-301F-11D3-BF4B-00C04F79EFBC}") = "17January_02BeerStock", "January_02BeerStock\17January_02BeerStock.csproj", "{6777D932-B723-4F9D-94CE-709C11354695}"
EndProject
Project("{FAE04EC0-301F-11D3-BF4B-00C04F79EFBC}") = "06March16_01TrainingLab", "March16_TrainingLab\06March16_01TrainingLab.csproj", "{78BB4B0D-1B61-4336-BA79-1746BA322153}"
EndProject
Project("{FAE04EC0-301F-11D3-BF4B-00C04F79EFBC}") = "06March16_02TransportPrice", "March16_TransportPrice\06March16_02TransportPrice.csproj", "{31C08E99-E0F1-4663-B61D-B29209951C58}"
EndProject
Project("{FAE04EC0-301F-11D3-BF4B-00C04F79EFBC}") = "06March16_03TimeOfExam", "March16_O3TimeOfExam\06March16_03TimeOfExam.csproj", "{953D35DE-C708-439A-9602-B8EBBD8C7D86}"
EndProject
Project("{FAE04EC0-301F-11D3-BF4B-00C04F79EFBC}") = "06March16_04Histogram", "March16_04Histogram\06March16_04Histogram.csproj", "{A10AFEEC-2A5F-4AB2-8C76-F15683333678}"
EndProject
Project("{FAE04EC0-301F-11D3-BF4B-00C04F79EFBC}") = "06March16_05Fortress", "March16_05Fortress\06March16_05Fortress.csproj", "{D2CE6F55-8860-4EAC-8CED-173962C9FA68}"
EndProject
Project("{FAE04EC0-301F-11D3-BF4B-00C04F79EFBC}") = "06March16_05StupidPasswordGenerator", "March16_05StupidPasswordGenerator\06March16_05StupidPasswordGenerator.csproj", "{6A154938-B097-409B-A5CC-9D3BDE05E926}"
EndProject
Project("{FAE04EC0-301F-11D3-BF4B-00C04F79EFBC}") = "17July_01Money", "July_01Money\17July_01Money.csproj", "{4C001A85-0E40-460C-ACB2-DED61D750663}"
EndProject
Project("{FAE04EC0-301F-11D3-BF4B-00C04F79EFBC}") = "17July_02Harvest", "July_02Harvest\17July_02Harvest.csproj", "{AAF73DFA-4F8F-47E4-BD15-C73FEAFEEBAC}"
EndProject
Project("{FAE04EC0-301F-11D3-BF4B-00C04F79EFBC}") = "17July_03MatchTickets", "July_03MatchTickets\17July_03MatchTickets.csproj", "{D53F615F-8779-417C-A836-042E0C5FEE13}"
EndProject
Project("{FAE04EC0-301F-11D3-BF4B-00C04F79EFBC}") = "17July_04BackToThePast", "July_04BackToThePast\17July_04BackToThePast.csproj", "{85275CA5-9BCE-4412-96BC-E67AB7022DBD}"
EndProject
Project("{FAE04EC0-301F-11D3-BF4B-00C04F79EFBC}") = "17July_05_Diamond", "July_05_Diamond\17July_05_Diamond.csproj", "{FAD1B77C-F273-46B4-BED7-3A1F1F407EFE}"
EndProject
Project("{FAE04EC0-301F-11D3-BF4B-00C04F79EFBC}") = "17July_05StopNumber", "July_05StopNumber\17July_05StopNumber.csproj", "{43ACF8D4-2AE2-4E54-88B3-6FB113CCBB51}"
EndProject
Project("{FAE04EC0-301F-11D3-BF4B-00C04F79EFBC}") = "28August_01DailyProfit", "August_01DailyProfit\28August_01DailyProfit.csproj", "{01F2F750-04A6-4A1B-9EDF-34548ACBDB9E}"
EndProject
Project("{FAE04EC0-301F-11D3-BF4B-00C04F79EFBC}") = "28August_02Firm", "August_02Firm\28August_02Firm.csproj", "{254FE5D7-DCDB-4482-BE79-6EB05ED8222F}"
EndProject
Project("{FAE04EC0-301F-11D3-BF4B-00C04F79EFBC}") = "28August_03HotelRoom", "August_03HotelRoom\28August_03HotelRoom.csproj", "{27B7D5B8-85D7-4011-B174-3745A6B63A6E}"
EndProject
Global
	GlobalSection(SolutionConfigurationPlatforms) = preSolution
		Debug|Any CPU = Debug|Any CPU
		Release|Any CPU = Release|Any CPU
	EndGlobalSection
	GlobalSection(ProjectConfigurationPlatforms) = postSolution
		{B45E6B5A-8211-471A-9EC5-B117C4C96A8A}.Debug|Any CPU.ActiveCfg = Debug|Any CPU
		{B45E6B5A-8211-471A-9EC5-B117C4C96A8A}.Debug|Any CPU.Build.0 = Debug|Any CPU
		{B45E6B5A-8211-471A-9EC5-B117C4C96A8A}.Release|Any CPU.ActiveCfg = Release|Any CPU
		{B45E6B5A-8211-471A-9EC5-B117C4C96A8A}.Release|Any CPU.Build.0 = Release|Any CPU
		{CCCAB914-D13C-47FF-A626-FD0C731C9888}.Debug|Any CPU.ActiveCfg = Debug|Any CPU
		{CCCAB914-D13C-47FF-A626-FD0C731C9888}.Debug|Any CPU.Build.0 = Debug|Any CPU
		{CCCAB914-D13C-47FF-A626-FD0C731C9888}.Release|Any CPU.ActiveCfg = Release|Any CPU
		{CCCAB914-D13C-47FF-A626-FD0C731C9888}.Release|Any CPU.Build.0 = Release|Any CPU
		{F731F253-5898-4A52-A6B7-C496F95FA3AC}.Debug|Any CPU.ActiveCfg = Debug|Any CPU
		{F731F253-5898-4A52-A6B7-C496F95FA3AC}.Debug|Any CPU.Build.0 = Debug|Any CPU
		{F731F253-5898-4A52-A6B7-C496F95FA3AC}.Release|Any CPU.ActiveCfg = Release|Any CPU
		{F731F253-5898-4A52-A6B7-C496F95FA3AC}.Release|Any CPU.Build.0 = Release|Any CPU
		{25BED3D2-E186-4A6D-87B7-02E4FE5320F5}.Debug|Any CPU.ActiveCfg = Debug|Any CPU
		{25BED3D2-E186-4A6D-87B7-02E4FE5320F5}.Debug|Any CPU.Build.0 = Debug|Any CPU
		{25BED3D2-E186-4A6D-87B7-02E4FE5320F5}.Release|Any CPU.ActiveCfg = Release|Any CPU
		{25BED3D2-E186-4A6D-87B7-02E4FE5320F5}.Release|Any CPU.Build.0 = Release|Any CPU
		{BBF0AEFA-CAF8-46A6-A13D-C3E53D65AF15}.Debug|Any CPU.ActiveCfg = Debug|Any CPU
		{BBF0AEFA-CAF8-46A6-A13D-C3E53D65AF15}.Debug|Any CPU.Build.0 = Debug|Any CPU
		{BBF0AEFA-CAF8-46A6-A13D-C3E53D65AF15}.Release|Any CPU.ActiveCfg = Release|Any CPU
		{BBF0AEFA-CAF8-46A6-A13D-C3E53D65AF15}.Release|Any CPU.Build.0 = Release|Any CPU
		{F465D4FD-BA8B-42D8-AB6E-EB34F86DD9F7}.Debug|Any CPU.ActiveCfg = Debug|Any CPU
		{F465D4FD-BA8B-42D8-AB6E-EB34F86DD9F7}.Debug|Any CPU.Build.0 = Debug|Any CPU
		{F465D4FD-BA8B-42D8-AB6E-EB34F86DD9F7}.Release|Any CPU.ActiveCfg = Release|Any CPU
		{F465D4FD-BA8B-42D8-AB6E-EB34F86DD9F7}.Release|Any CPU.Build.0 = Release|Any CPU
		{D66DC2D1-D0F4-42A9-8A96-A07BE3E8DA5C}.Debug|Any CPU.ActiveCfg = Debug|Any CPU
		{D66DC2D1-D0F4-42A9-8A96-A07BE3E8DA5C}.Debug|Any CPU.Build.0 = Debug|Any CPU
		{D66DC2D1-D0F4-42A9-8A96-A07BE3E8DA5C}.Release|Any CPU.ActiveCfg = Release|Any CPU
		{D66DC2D1-D0F4-42A9-8A96-A07BE3E8DA5C}.Release|Any CPU.Build.0 = Release|Any CPU
		{CDA71A95-AC42-4852-B3DC-76CD55045B9B}.Debug|Any CPU.ActiveCfg = Debug|Any CPU
		{CDA71A95-AC42-4852-B3DC-76CD55045B9B}.Debug|Any CPU.Build.0 = Debug|Any CPU
		{CDA71A95-AC42-4852-B3DC-76CD55045B9B}.Release|Any CPU.ActiveCfg = Release|Any CPU
		{CDA71A95-AC42-4852-B3DC-76CD55045B9B}.Release|Any CPU.Build.0 = Release|Any CPU
		{7D9D0995-38A4-45CE-AF1C-6F23DCEBB2F2}.Debug|Any CPU.ActiveCfg = Debug|Any CPU
		{7D9D0995-38A4-45CE-AF1C-6F23DCEBB2F2}.Debug|Any CPU.Build.0 = Debug|Any CPU
		{7D9D0995-38A4-45CE-AF1C-6F23DCEBB2F2}.Release|Any CPU.ActiveCfg = Release|Any CPU
		{7D9D0995-38A4-45CE-AF1C-6F23DCEBB2F2}.Release|Any CPU.Build.0 = Release|Any CPU
		{BB237E25-04B5-4E8F-8513-4985AD409F30}.Debug|Any CPU.ActiveCfg = Debug|Any CPU
		{BB237E25-04B5-4E8F-8513-4985AD409F30}.Debug|Any CPU.Build.0 = Debug|Any CPU
		{BB237E25-04B5-4E8F-8513-4985AD409F30}.Release|Any CPU.ActiveCfg = Release|Any CPU
		{BB237E25-04B5-4E8F-8513-4985AD409F30}.Release|Any CPU.Build.0 = Release|Any CPU
		{032F8126-75C1-4767-B748-859768B49D90}.Debug|Any CPU.ActiveCfg = Debug|Any CPU
		{032F8126-75C1-4767-B748-859768B49D90}.Debug|Any CPU.Build.0 = Debug|Any CPU
		{032F8126-75C1-4767-B748-859768B49D90}.Release|Any CPU.ActiveCfg = Release|Any CPU
		{032F8126-75C1-4767-B748-859768B49D90}.Release|Any CPU.Build.0 = Release|Any CPU
		{6E91A06E-5651-49B6-BA5A-3DC932854D15}.Debug|Any CPU.ActiveCfg = Debug|Any CPU
		{6E91A06E-5651-49B6-BA5A-3DC932854D15}.Debug|Any CPU.Build.0 = Debug|Any CPU
		{6E91A06E-5651-49B6-BA5A-3DC932854D15}.Release|Any CPU.ActiveCfg = Release|Any CPU
		{6E91A06E-5651-49B6-BA5A-3DC932854D15}.Release|Any CPU.Build.0 = Release|Any CPU
		{22A094AB-29CB-4A84-B1A3-6B092DD6AD14}.Debug|Any CPU.ActiveCfg = Debug|Any CPU
		{22A094AB-29CB-4A84-B1A3-6B092DD6AD14}.Debug|Any CPU.Build.0 = Debug|Any CPU
		{22A094AB-29CB-4A84-B1A3-6B092DD6AD14}.Release|Any CPU.ActiveCfg = Release|Any CPU
		{22A094AB-29CB-4A84-B1A3-6B092DD6AD14}.Release|Any CPU.Build.0 = Release|Any CPU
		{258F4F2A-2F1D-4121-9F62-DAF6916429BA}.Debug|Any CPU.ActiveCfg = Debug|Any CPU
		{258F4F2A-2F1D-4121-9F62-DAF6916429BA}.Debug|Any CPU.Build.0 = Debug|Any CPU
		{258F4F2A-2F1D-4121-9F62-DAF6916429BA}.Release|Any CPU.ActiveCfg = Release|Any CPU
		{258F4F2A-2F1D-4121-9F62-DAF6916429BA}.Release|Any CPU.Build.0 = Release|Any CPU
		{F8570D28-531C-45F9-8BF1-B621F400FB8D}.Debug|Any CPU.ActiveCfg = Debug|Any CPU
		{F8570D28-531C-45F9-8BF1-B621F400FB8D}.Debug|Any CPU.Build.0 = Debug|Any CPU
		{F8570D28-531C-45F9-8BF1-B621F400FB8D}.Release|Any CPU.ActiveCfg = Release|Any CPU
		{F8570D28-531C-45F9-8BF1-B621F400FB8D}.Release|Any CPU.Build.0 = Release|Any CPU
		{85B84029-7E8E-4C4F-A897-58484939D3E3}.Debug|Any CPU.ActiveCfg = Debug|Any CPU
		{85B84029-7E8E-4C4F-A897-58484939D3E3}.Debug|Any CPU.Build.0 = Debug|Any CPU
		{85B84029-7E8E-4C4F-A897-58484939D3E3}.Release|Any CPU.ActiveCfg = Release|Any CPU
		{85B84029-7E8E-4C4F-A897-58484939D3E3}.Release|Any CPU.Build.0 = Release|Any CPU
		{12D4CE4D-6939-471F-912E-90E623D93F5B}.Debug|Any CPU.ActiveCfg = Debug|Any CPU
		{12D4CE4D-6939-471F-912E-90E623D93F5B}.Debug|Any CPU.Build.0 = Debug|Any CPU
		{12D4CE4D-6939-471F-912E-90E623D93F5B}.Release|Any CPU.ActiveCfg = Release|Any CPU
		{12D4CE4D-6939-471F-912E-90E623D93F5B}.Release|Any CPU.Build.0 = Release|Any CPU
		{16EE1EB3-F0F9-42EE-AABD-07EACE87A87D}.Debug|Any CPU.ActiveCfg = Debug|Any CPU
		{16EE1EB3-F0F9-42EE-AABD-07EACE87A87D}.Debug|Any CPU.Build.0 = Debug|Any CPU
		{16EE1EB3-F0F9-42EE-AABD-07EACE87A87D}.Release|Any CPU.ActiveCfg = Release|Any CPU
		{16EE1EB3-F0F9-42EE-AABD-07EACE87A87D}.Release|Any CPU.Build.0 = Release|Any CPU
		{D8E3B7F6-C830-460D-B781-90E3705DF2FB}.Debug|Any CPU.ActiveCfg = Debug|Any CPU
		{D8E3B7F6-C830-460D-B781-90E3705DF2FB}.Debug|Any CPU.Build.0 = Debug|Any CPU
		{D8E3B7F6-C830-460D-B781-90E3705DF2FB}.Release|Any CPU.ActiveCfg = Release|Any CPU
		{D8E3B7F6-C830-460D-B781-90E3705DF2FB}.Release|Any CPU.Build.0 = Release|Any CPU
		{99C32A19-16AE-4AD2-8182-A75534ED61E4}.Debug|Any CPU.ActiveCfg = Debug|Any CPU
		{99C32A19-16AE-4AD2-8182-A75534ED61E4}.Debug|Any CPU.Build.0 = Debug|Any CPU
		{99C32A19-16AE-4AD2-8182-A75534ED61E4}.Release|Any CPU.ActiveCfg = Release|Any CPU
		{99C32A19-16AE-4AD2-8182-A75534ED61E4}.Release|Any CPU.Build.0 = Release|Any CPU
		{160C2439-2165-4255-A281-E0EA2D1313C1}.Debug|Any CPU.ActiveCfg = Debug|Any CPU
		{160C2439-2165-4255-A281-E0EA2D1313C1}.Debug|Any CPU.Build.0 = Debug|Any CPU
		{160C2439-2165-4255-A281-E0EA2D1313C1}.Release|Any CPU.ActiveCfg = Release|Any CPU
		{160C2439-2165-4255-A281-E0EA2D1313C1}.Release|Any CPU.Build.0 = Release|Any CPU
		{6D311992-8E2F-450B-9DB3-DBDA57B3D178}.Debug|Any CPU.ActiveCfg = Debug|Any CPU
		{6D311992-8E2F-450B-9DB3-DBDA57B3D178}.Debug|Any CPU.Build.0 = Debug|Any CPU
		{6D311992-8E2F-450B-9DB3-DBDA57B3D178}.Release|Any CPU.ActiveCfg = Release|Any CPU
		{6D311992-8E2F-450B-9DB3-DBDA57B3D178}.Release|Any CPU.Build.0 = Release|Any CPU
		{3F756B45-3E11-40E5-B63B-CEA36DABBB50}.Debug|Any CPU.ActiveCfg = Debug|Any CPU
		{3F756B45-3E11-40E5-B63B-CEA36DABBB50}.Debug|Any CPU.Build.0 = Debug|Any CPU
		{3F756B45-3E11-40E5-B63B-CEA36DABBB50}.Release|Any CPU.ActiveCfg = Release|Any CPU
		{3F756B45-3E11-40E5-B63B-CEA36DABBB50}.Release|Any CPU.Build.0 = Release|Any CPU
		{9BE3460D-D2EF-4410-A4B8-E4F8BEAC858C}.Debug|Any CPU.ActiveCfg = Debug|Any CPU
		{9BE3460D-D2EF-4410-A4B8-E4F8BEAC858C}.Debug|Any CPU.Build.0 = Debug|Any CPU
		{9BE3460D-D2EF-4410-A4B8-E4F8BEAC858C}.Release|Any CPU.ActiveCfg = Release|Any CPU
		{9BE3460D-D2EF-4410-A4B8-E4F8BEAC858C}.Release|Any CPU.Build.0 = Release|Any CPU
		{7AB52288-ED19-44C4-9F25-1B1A67EAA3A7}.Debug|Any CPU.ActiveCfg = Debug|Any CPU
		{7AB52288-ED19-44C4-9F25-1B1A67EAA3A7}.Debug|Any CPU.Build.0 = Debug|Any CPU
		{7AB52288-ED19-44C4-9F25-1B1A67EAA3A7}.Release|Any CPU.ActiveCfg = Release|Any CPU
		{7AB52288-ED19-44C4-9F25-1B1A67EAA3A7}.Release|Any CPU.Build.0 = Release|Any CPU
		{62E213DD-B2D7-4188-845A-50DD3E210AA4}.Debug|Any CPU.ActiveCfg = Debug|Any CPU
		{62E213DD-B2D7-4188-845A-50DD3E210AA4}.Debug|Any CPU.Build.0 = Debug|Any CPU
		{62E213DD-B2D7-4188-845A-50DD3E210AA4}.Release|Any CPU.ActiveCfg = Release|Any CPU
		{62E213DD-B2D7-4188-845A-50DD3E210AA4}.Release|Any CPU.Build.0 = Release|Any CPU
		{BB585360-5866-418B-A6A4-6B9F970BECA3}.Debug|Any CPU.ActiveCfg = Debug|Any CPU
		{BB585360-5866-418B-A6A4-6B9F970BECA3}.Debug|Any CPU.Build.0 = Debug|Any CPU
		{BB585360-5866-418B-A6A4-6B9F970BECA3}.Release|Any CPU.ActiveCfg = Release|Any CPU
		{BB585360-5866-418B-A6A4-6B9F970BECA3}.Release|Any CPU.Build.0 = Release|Any CPU
		{8B185866-43AF-4FE6-A345-F9FD835DAA95}.Debug|Any CPU.ActiveCfg = Debug|Any CPU
		{8B185866-43AF-4FE6-A345-F9FD835DAA95}.Debug|Any CPU.Build.0 = Debug|Any CPU
		{8B185866-43AF-4FE6-A345-F9FD835DAA95}.Release|Any CPU.ActiveCfg = Release|Any CPU
		{8B185866-43AF-4FE6-A345-F9FD835DAA95}.Release|Any CPU.Build.0 = Release|Any CPU
		{8E0C9C80-3CB2-4CAD-A84E-2AFB6FCEC2F1}.Debug|Any CPU.ActiveCfg = Debug|Any CPU
		{8E0C9C80-3CB2-4CAD-A84E-2AFB6FCEC2F1}.Debug|Any CPU.Build.0 = Debug|Any CPU
		{8E0C9C80-3CB2-4CAD-A84E-2AFB6FCEC2F1}.Release|Any CPU.ActiveCfg = Release|Any CPU
		{8E0C9C80-3CB2-4CAD-A84E-2AFB6FCEC2F1}.Release|Any CPU.Build.0 = Release|Any CPU
		{3CEBF8E2-F9A5-4631-84A4-7EFDE743A8CF}.Debug|Any CPU.ActiveCfg = Debug|Any CPU
		{3CEBF8E2-F9A5-4631-84A4-7EFDE743A8CF}.Debug|Any CPU.Build.0 = Debug|Any CPU
		{3CEBF8E2-F9A5-4631-84A4-7EFDE743A8CF}.Release|Any CPU.ActiveCfg = Release|Any CPU
		{3CEBF8E2-F9A5-4631-84A4-7EFDE743A8CF}.Release|Any CPU.Build.0 = Release|Any CPU
		{E79036E0-CDB0-4F6B-BC71-8408662BACBC}.Debug|Any CPU.ActiveCfg = Debug|Any CPU
		{E79036E0-CDB0-4F6B-BC71-8408662BACBC}.Debug|Any CPU.Build.0 = Debug|Any CPU
		{E79036E0-CDB0-4F6B-BC71-8408662BACBC}.Release|Any CPU.ActiveCfg = Release|Any CPU
		{E79036E0-CDB0-4F6B-BC71-8408662BACBC}.Release|Any CPU.Build.0 = Release|Any CPU
		{6777D932-B723-4F9D-94CE-709C11354695}.Debug|Any CPU.ActiveCfg = Debug|Any CPU
		{6777D932-B723-4F9D-94CE-709C11354695}.Debug|Any CPU.Build.0 = Debug|Any CPU
		{6777D932-B723-4F9D-94CE-709C11354695}.Release|Any CPU.ActiveCfg = Release|Any CPU
		{6777D932-B723-4F9D-94CE-709C11354695}.Release|Any CPU.Build.0 = Release|Any CPU
		{78BB4B0D-1B61-4336-BA79-1746BA322153}.Debug|Any CPU.ActiveCfg = Debug|Any CPU
		{78BB4B0D-1B61-4336-BA79-1746BA322153}.Debug|Any CPU.Build.0 = Debug|Any CPU
		{78BB4B0D-1B61-4336-BA79-1746BA322153}.Release|Any CPU.ActiveCfg = Release|Any CPU
		{78BB4B0D-1B61-4336-BA79-1746BA322153}.Release|Any CPU.Build.0 = Release|Any CPU
		{31C08E99-E0F1-4663-B61D-B29209951C58}.Debug|Any CPU.ActiveCfg = Debug|Any CPU
		{31C08E99-E0F1-4663-B61D-B29209951C58}.Debug|Any CPU.Build.0 = Debug|Any CPU
		{31C08E99-E0F1-4663-B61D-B29209951C58}.Release|Any CPU.ActiveCfg = Release|Any CPU
		{31C08E99-E0F1-4663-B61D-B29209951C58}.Release|Any CPU.Build.0 = Release|Any CPU
		{953D35DE-C708-439A-9602-B8EBBD8C7D86}.Debug|Any CPU.ActiveCfg = Debug|Any CPU
		{953D35DE-C708-439A-9602-B8EBBD8C7D86}.Debug|Any CPU.Build.0 = Debug|Any CPU
		{953D35DE-C708-439A-9602-B8EBBD8C7D86}.Release|Any CPU.ActiveCfg = Release|Any CPU
		{953D35DE-C708-439A-9602-B8EBBD8C7D86}.Release|Any CPU.Build.0 = Release|Any CPU
		{A10AFEEC-2A5F-4AB2-8C76-F15683333678}.Debug|Any CPU.ActiveCfg = Debug|Any CPU
		{A10AFEEC-2A5F-4AB2-8C76-F15683333678}.Debug|Any CPU.Build.0 = Debug|Any CPU
		{A10AFEEC-2A5F-4AB2-8C76-F15683333678}.Release|Any CPU.ActiveCfg = Release|Any CPU
		{A10AFEEC-2A5F-4AB2-8C76-F15683333678}.Release|Any CPU.Build.0 = Release|Any CPU
		{D2CE6F55-8860-4EAC-8CED-173962C9FA68}.Debug|Any CPU.ActiveCfg = Debug|Any CPU
		{D2CE6F55-8860-4EAC-8CED-173962C9FA68}.Debug|Any CPU.Build.0 = Debug|Any CPU
		{D2CE6F55-8860-4EAC-8CED-173962C9FA68}.Release|Any CPU.ActiveCfg = Release|Any CPU
		{D2CE6F55-8860-4EAC-8CED-173962C9FA68}.Release|Any CPU.Build.0 = Release|Any CPU
		{6A154938-B097-409B-A5CC-9D3BDE05E926}.Debug|Any CPU.ActiveCfg = Debug|Any CPU
		{6A154938-B097-409B-A5CC-9D3BDE05E926}.Debug|Any CPU.Build.0 = Debug|Any CPU
		{6A154938-B097-409B-A5CC-9D3BDE05E926}.Release|Any CPU.ActiveCfg = Release|Any CPU
		{6A154938-B097-409B-A5CC-9D3BDE05E926}.Release|Any CPU.Build.0 = Release|Any CPU
		{4C001A85-0E40-460C-ACB2-DED61D750663}.Debug|Any CPU.ActiveCfg = Debug|Any CPU
		{4C001A85-0E40-460C-ACB2-DED61D750663}.Debug|Any CPU.Build.0 = Debug|Any CPU
		{4C001A85-0E40-460C-ACB2-DED61D750663}.Release|Any CPU.ActiveCfg = Release|Any CPU
		{4C001A85-0E40-460C-ACB2-DED61D750663}.Release|Any CPU.Build.0 = Release|Any CPU
		{AAF73DFA-4F8F-47E4-BD15-C73FEAFEEBAC}.Debug|Any CPU.ActiveCfg = Debug|Any CPU
		{AAF73DFA-4F8F-47E4-BD15-C73FEAFEEBAC}.Debug|Any CPU.Build.0 = Debug|Any CPU
		{AAF73DFA-4F8F-47E4-BD15-C73FEAFEEBAC}.Release|Any CPU.ActiveCfg = Release|Any CPU
		{AAF73DFA-4F8F-47E4-BD15-C73FEAFEEBAC}.Release|Any CPU.Build.0 = Release|Any CPU
		{D53F615F-8779-417C-A836-042E0C5FEE13}.Debug|Any CPU.ActiveCfg = Debug|Any CPU
		{D53F615F-8779-417C-A836-042E0C5FEE13}.Debug|Any CPU.Build.0 = Debug|Any CPU
		{D53F615F-8779-417C-A836-042E0C5FEE13}.Release|Any CPU.ActiveCfg = Release|Any CPU
		{D53F615F-8779-417C-A836-042E0C5FEE13}.Release|Any CPU.Build.0 = Release|Any CPU
		{85275CA5-9BCE-4412-96BC-E67AB7022DBD}.Debug|Any CPU.ActiveCfg = Debug|Any CPU
		{85275CA5-9BCE-4412-96BC-E67AB7022DBD}.Debug|Any CPU.Build.0 = Debug|Any CPU
		{85275CA5-9BCE-4412-96BC-E67AB7022DBD}.Release|Any CPU.ActiveCfg = Release|Any CPU
		{85275CA5-9BCE-4412-96BC-E67AB7022DBD}.Release|Any CPU.Build.0 = Release|Any CPU
		{FAD1B77C-F273-46B4-BED7-3A1F1F407EFE}.Debug|Any CPU.ActiveCfg = Debug|Any CPU
		{FAD1B77C-F273-46B4-BED7-3A1F1F407EFE}.Debug|Any CPU.Build.0 = Debug|Any CPU
		{FAD1B77C-F273-46B4-BED7-3A1F1F407EFE}.Release|Any CPU.ActiveCfg = Release|Any CPU
		{FAD1B77C-F273-46B4-BED7-3A1F1F407EFE}.Release|Any CPU.Build.0 = Release|Any CPU
		{43ACF8D4-2AE2-4E54-88B3-6FB113CCBB51}.Debug|Any CPU.ActiveCfg = Debug|Any CPU
		{43ACF8D4-2AE2-4E54-88B3-6FB113CCBB51}.Debug|Any CPU.Build.0 = Debug|Any CPU
		{43ACF8D4-2AE2-4E54-88B3-6FB113CCBB51}.Release|Any CPU.ActiveCfg = Release|Any CPU
		{43ACF8D4-2AE2-4E54-88B3-6FB113CCBB51}.Release|Any CPU.Build.0 = Release|Any CPU
		{01F2F750-04A6-4A1B-9EDF-34548ACBDB9E}.Debug|Any CPU.ActiveCfg = Debug|Any CPU
		{01F2F750-04A6-4A1B-9EDF-34548ACBDB9E}.Debug|Any CPU.Build.0 = Debug|Any CPU
		{01F2F750-04A6-4A1B-9EDF-34548ACBDB9E}.Release|Any CPU.ActiveCfg = Release|Any CPU
		{01F2F750-04A6-4A1B-9EDF-34548ACBDB9E}.Release|Any CPU.Build.0 = Release|Any CPU
		{254FE5D7-DCDB-4482-BE79-6EB05ED8222F}.Debug|Any CPU.ActiveCfg = Debug|Any CPU
		{254FE5D7-DCDB-4482-BE79-6EB05ED8222F}.Debug|Any CPU.Build.0 = Debug|Any CPU
		{254FE5D7-DCDB-4482-BE79-6EB05ED8222F}.Release|Any CPU.ActiveCfg = Release|Any CPU
		{254FE5D7-DCDB-4482-BE79-6EB05ED8222F}.Release|Any CPU.Build.0 = Release|Any CPU
		{27B7D5B8-85D7-4011-B174-3745A6B63A6E}.Debug|Any CPU.ActiveCfg = Debug|Any CPU
		{27B7D5B8-85D7-4011-B174-3745A6B63A6E}.Debug|Any CPU.Build.0 = Debug|Any CPU
		{27B7D5B8-85D7-4011-B174-3745A6B63A6E}.Release|Any CPU.ActiveCfg = Release|Any CPU
		{27B7D5B8-85D7-4011-B174-3745A6B63A6E}.Release|Any CPU.Build.0 = Release|Any CPU
	EndGlobalSection
EndGlobal
