
Microsoft Visual Studio Solution File, Format Version 11.00
# Visual Studio 2010
# SharpDevelop 5.1
Project("{FAE04EC0-301F-11D3-BF4B-00C04F79EFBC}") = "01.NumsWithStep3", "AdvancedLoops\01.NumsWithStep3.csproj", "{22FAA833-0763-478E-A7A7-BE059D0F66E2}"
EndProject
Project("{FAE04EC0-301F-11D3-BF4B-00C04F79EFBC}") = "02.NumsFromNto1", "NumsFromNto1\02.NumsFromNto1.csproj", "{4ADEDEE1-F77B-4CE0-8735-C0CED4975B2B}"
EndProject
Project("{FAE04EC0-301F-11D3-BF4B-00C04F79EFBC}") = "03.PowersOf2", "PowersOf2\03.PowersOf2.csproj", "{199E8595-4C90-4EBF-8AC4-E7D5CDFCB48C}"
EndProject
Project("{FAE04EC0-301F-11D3-BF4B-00C04F79EFBC}") = "04.EvenPowersOf2", "EvenPowersOf2\04.EvenPowersOf2.csproj", "{204E5436-60B3-464E-B85C-2DEFAF32CDA1}"
EndProject
Project("{FAE04EC0-301F-11D3-BF4B-00C04F79EFBC}") = "05.Sequence2k+1", "Sequence2k+1\05.Sequence2k+1.csproj", "{0948D0C6-7EEA-4146-93B3-8DC0A45A3D02}"
EndProject
Project("{FAE04EC0-301F-11D3-BF4B-00C04F79EFBC}") = "06.Num1To100", "Num1To100\06.Num1To100.csproj", "{644A81B4-9C65-4AD3-9EFD-E9914BC21247}"
EndProject
Project("{FAE04EC0-301F-11D3-BF4B-00C04F79EFBC}") = "07.GreatestCommonDiviser", "GreatestCommonDiviser\07.GreatestCommonDiviser.csproj", "{F3DAFD2C-7EF6-4DF7-9624-913AFEF74A71}"
EndProject
Project("{FAE04EC0-301F-11D3-BF4B-00C04F79EFBC}") = "08.Factorial", "Factorial\08.Factorial.csproj", "{76666973-BD50-464A-AADE-1B9F4B4A0750}"
EndProject
Project("{FAE04EC0-301F-11D3-BF4B-00C04F79EFBC}") = "09.SumDigits", "SumDigits\09.SumDigits.csproj", "{B27FBA84-9369-4492-AB48-20873EFA5C89}"
EndProject
Project("{FAE04EC0-301F-11D3-BF4B-00C04F79EFBC}") = "10.IsPrime", "IsPrime\10.IsPrime.csproj", "{B8D6DD46-56FA-48C4-AE0F-3B9BD950EBE6}"
EndProject
Project("{FAE04EC0-301F-11D3-BF4B-00C04F79EFBC}") = "11.EnterEveNumber", "EnterEveNumber\11.EnterEveNumber.csproj", "{111E820D-F4AC-4589-A50B-90CCE9521B08}"
EndProject
Project("{FAE04EC0-301F-11D3-BF4B-00C04F79EFBC}") = "12.Fibonacci", "Fibonacci\12.Fibonacci.csproj", "{65F530B5-E92B-4005-AC68-4B41969BBC09}"
EndProject
Project("{FAE04EC0-301F-11D3-BF4B-00C04F79EFBC}") = "13.NumPyramid", "NumPyramid\13.NumPyramid.csproj", "{944EB349-9DB7-41E0-BB09-6E20A106F915}"
EndProject
Project("{FAE04EC0-301F-11D3-BF4B-00C04F79EFBC}") = "14.NumTable", "NumTable\14.NumTable.csproj", "{9BD014C4-39D3-4127-BE03-D3A776BFE255}"
EndProject
Global
	GlobalSection(SolutionConfigurationPlatforms) = preSolution
		Debug|Any CPU = Debug|Any CPU
		Release|Any CPU = Release|Any CPU
	EndGlobalSection
	GlobalSection(ProjectConfigurationPlatforms) = postSolution
		{22FAA833-0763-478E-A7A7-BE059D0F66E2}.Debug|Any CPU.ActiveCfg = Debug|Any CPU
		{22FAA833-0763-478E-A7A7-BE059D0F66E2}.Debug|Any CPU.Build.0 = Debug|Any CPU
		{22FAA833-0763-478E-A7A7-BE059D0F66E2}.Release|Any CPU.ActiveCfg = Release|Any CPU
		{22FAA833-0763-478E-A7A7-BE059D0F66E2}.Release|Any CPU.Build.0 = Release|Any CPU
		{4ADEDEE1-F77B-4CE0-8735-C0CED4975B2B}.Debug|Any CPU.ActiveCfg = Debug|Any CPU
		{4ADEDEE1-F77B-4CE0-8735-C0CED4975B2B}.Debug|Any CPU.Build.0 = Debug|Any CPU
		{4ADEDEE1-F77B-4CE0-8735-C0CED4975B2B}.Release|Any CPU.ActiveCfg = Release|Any CPU
		{4ADEDEE1-F77B-4CE0-8735-C0CED4975B2B}.Release|Any CPU.Build.0 = Release|Any CPU
		{199E8595-4C90-4EBF-8AC4-E7D5CDFCB48C}.Debug|Any CPU.ActiveCfg = Debug|Any CPU
		{199E8595-4C90-4EBF-8AC4-E7D5CDFCB48C}.Debug|Any CPU.Build.0 = Debug|Any CPU
		{199E8595-4C90-4EBF-8AC4-E7D5CDFCB48C}.Release|Any CPU.ActiveCfg = Release|Any CPU
		{199E8595-4C90-4EBF-8AC4-E7D5CDFCB48C}.Release|Any CPU.Build.0 = Release|Any CPU
		{204E5436-60B3-464E-B85C-2DEFAF32CDA1}.Debug|Any CPU.ActiveCfg = Debug|Any CPU
		{204E5436-60B3-464E-B85C-2DEFAF32CDA1}.Debug|Any CPU.Build.0 = Debug|Any CPU
		{204E5436-60B3-464E-B85C-2DEFAF32CDA1}.Release|Any CPU.ActiveCfg = Release|Any CPU
		{204E5436-60B3-464E-B85C-2DEFAF32CDA1}.Release|Any CPU.Build.0 = Release|Any CPU
		{0948D0C6-7EEA-4146-93B3-8DC0A45A3D02}.Debug|Any CPU.ActiveCfg = Debug|Any CPU
		{0948D0C6-7EEA-4146-93B3-8DC0A45A3D02}.Debug|Any CPU.Build.0 = Debug|Any CPU
		{0948D0C6-7EEA-4146-93B3-8DC0A45A3D02}.Release|Any CPU.ActiveCfg = Release|Any CPU
		{0948D0C6-7EEA-4146-93B3-8DC0A45A3D02}.Release|Any CPU.Build.0 = Release|Any CPU
		{644A81B4-9C65-4AD3-9EFD-E9914BC21247}.Debug|Any CPU.ActiveCfg = Debug|Any CPU
		{644A81B4-9C65-4AD3-9EFD-E9914BC21247}.Debug|Any CPU.Build.0 = Debug|Any CPU
		{644A81B4-9C65-4AD3-9EFD-E9914BC21247}.Release|Any CPU.ActiveCfg = Release|Any CPU
		{644A81B4-9C65-4AD3-9EFD-E9914BC21247}.Release|Any CPU.Build.0 = Release|Any CPU
		{F3DAFD2C-7EF6-4DF7-9624-913AFEF74A71}.Debug|Any CPU.ActiveCfg = Debug|Any CPU
		{F3DAFD2C-7EF6-4DF7-9624-913AFEF74A71}.Debug|Any CPU.Build.0 = Debug|Any CPU
		{F3DAFD2C-7EF6-4DF7-9624-913AFEF74A71}.Release|Any CPU.ActiveCfg = Release|Any CPU
		{F3DAFD2C-7EF6-4DF7-9624-913AFEF74A71}.Release|Any CPU.Build.0 = Release|Any CPU
		{76666973-BD50-464A-AADE-1B9F4B4A0750}.Debug|Any CPU.ActiveCfg = Debug|Any CPU
		{76666973-BD50-464A-AADE-1B9F4B4A0750}.Debug|Any CPU.Build.0 = Debug|Any CPU
		{76666973-BD50-464A-AADE-1B9F4B4A0750}.Release|Any CPU.ActiveCfg = Release|Any CPU
		{76666973-BD50-464A-AADE-1B9F4B4A0750}.Release|Any CPU.Build.0 = Release|Any CPU
		{B27FBA84-9369-4492-AB48-20873EFA5C89}.Debug|Any CPU.ActiveCfg = Debug|Any CPU
		{B27FBA84-9369-4492-AB48-20873EFA5C89}.Debug|Any CPU.Build.0 = Debug|Any CPU
		{B27FBA84-9369-4492-AB48-20873EFA5C89}.Release|Any CPU.ActiveCfg = Release|Any CPU
		{B27FBA84-9369-4492-AB48-20873EFA5C89}.Release|Any CPU.Build.0 = Release|Any CPU
		{B8D6DD46-56FA-48C4-AE0F-3B9BD950EBE6}.Debug|Any CPU.ActiveCfg = Debug|Any CPU
		{B8D6DD46-56FA-48C4-AE0F-3B9BD950EBE6}.Debug|Any CPU.Build.0 = Debug|Any CPU
		{B8D6DD46-56FA-48C4-AE0F-3B9BD950EBE6}.Release|Any CPU.ActiveCfg = Release|Any CPU
		{B8D6DD46-56FA-48C4-AE0F-3B9BD950EBE6}.Release|Any CPU.Build.0 = Release|Any CPU
		{111E820D-F4AC-4589-A50B-90CCE9521B08}.Debug|Any CPU.ActiveCfg = Debug|Any CPU
		{111E820D-F4AC-4589-A50B-90CCE9521B08}.Debug|Any CPU.Build.0 = Debug|Any CPU
		{111E820D-F4AC-4589-A50B-90CCE9521B08}.Release|Any CPU.ActiveCfg = Release|Any CPU
		{111E820D-F4AC-4589-A50B-90CCE9521B08}.Release|Any CPU.Build.0 = Release|Any CPU
		{65F530B5-E92B-4005-AC68-4B41969BBC09}.Debug|Any CPU.ActiveCfg = Debug|Any CPU
		{65F530B5-E92B-4005-AC68-4B41969BBC09}.Debug|Any CPU.Build.0 = Debug|Any CPU
		{65F530B5-E92B-4005-AC68-4B41969BBC09}.Release|Any CPU.ActiveCfg = Release|Any CPU
		{65F530B5-E92B-4005-AC68-4B41969BBC09}.Release|Any CPU.Build.0 = Release|Any CPU
		{944EB349-9DB7-41E0-BB09-6E20A106F915}.Debug|Any CPU.ActiveCfg = Debug|Any CPU
		{944EB349-9DB7-41E0-BB09-6E20A106F915}.Debug|Any CPU.Build.0 = Debug|Any CPU
		{944EB349-9DB7-41E0-BB09-6E20A106F915}.Release|Any CPU.ActiveCfg = Release|Any CPU
		{944EB349-9DB7-41E0-BB09-6E20A106F915}.Release|Any CPU.Build.0 = Release|Any CPU
		{9BD014C4-39D3-4127-BE03-D3A776BFE255}.Debug|Any CPU.ActiveCfg = Debug|Any CPU
		{9BD014C4-39D3-4127-BE03-D3A776BFE255}.Debug|Any CPU.Build.0 = Debug|Any CPU
		{9BD014C4-39D3-4127-BE03-D3A776BFE255}.Release|Any CPU.ActiveCfg = Release|Any CPU
		{9BD014C4-39D3-4127-BE03-D3A776BFE255}.Release|Any CPU.Build.0 = Release|Any CPU
	EndGlobalSection
EndGlobal
